// !$*UTF8*$!
{
	archiveVersion = 1;
	classes = {
	};
	objectVersion = 56;
	objects = {

/* Begin PBXBuildFile section */
		85E7F38D2B03D9E9003A5C51 /* RailwayRangeApp.swift in Sources */ = {isa = PBXBuildFile; fileRef = 85E7F38C2B03D9E9003A5C51 /* RailwayRangeApp.swift */; };
		85E7F3932B03D9EB003A5C51 /* Assets.xcassets in Resources */ = {isa = PBXBuildFile; fileRef = 85E7F3922B03D9EB003A5C51 /* Assets.xcassets */; };
		85E7F3962B03D9EB003A5C51 /* Preview Assets.xcassets in Resources */ = {isa = PBXBuildFile; fileRef = 85E7F3952B03D9EB003A5C51 /* Preview Assets.xcassets */; };
		85E7F39D2B03DB3A003A5C51 /* ContentView.swift in Sources */ = {isa = PBXBuildFile; fileRef = 85E7F39C2B03DB39003A5C51 /* ContentView.swift */; };
		85E7F39F2B03FB1D003A5C51 /* StationPickerView.swift in Sources */ = {isa = PBXBuildFile; fileRef = 85E7F39E2B03FB1D003A5C51 /* StationPickerView.swift */; };
		85E7F3A52B040B93003A5C51 /* RailwayDataProvider.swift in Sources */ = {isa = PBXBuildFile; fileRef = 85E7F3A42B040B93003A5C51 /* RailwayDataProvider.swift */; };
		85E7F3A82B04146E003A5C51 /* Station.swift in Sources */ = {isa = PBXBuildFile; fileRef = 85E7F3A72B04146E003A5C51 /* Station.swift */; };
		85E7F3AA2B0449C3003A5C51 /* Keyword.swift in Sources */ = {isa = PBXBuildFile; fileRef = 85E7F3A92B0449C3003A5C51 /* Keyword.swift */; };
		85E7F3AD2B044A43003A5C51 /* BackgroundImporter.swift in Sources */ = {isa = PBXBuildFile; fileRef = 85E7F3AC2B044A43003A5C51 /* BackgroundImporter.swift */; };
/* End PBXBuildFile section */

/* Begin PBXFileReference section */
		85E7F3892B03D9E9003A5C51 /* RailwayRange.app */ = {isa = PBXFileReference; explicitFileType = wrapper.application; includeInIndex = 0; path = RailwayRange.app; sourceTree = BUILT_PRODUCTS_DIR; };
		85E7F38C2B03D9E9003A5C51 /* RailwayRangeApp.swift */ = {isa = PBXFileReference; lastKnownFileType = sourcecode.swift; path = RailwayRangeApp.swift; sourceTree = "<group>"; };
		85E7F3922B03D9EB003A5C51 /* Assets.xcassets */ = {isa = PBXFileReference; lastKnownFileType = folder.assetcatalog; path = Assets.xcassets; sourceTree = "<group>"; };
		85E7F3952B03D9EB003A5C51 /* Preview Assets.xcassets */ = {isa = PBXFileReference; lastKnownFileType = folder.assetcatalog; path = "Preview Assets.xcassets"; sourceTree = "<group>"; };
		85E7F39C2B03DB39003A5C51 /* ContentView.swift */ = {isa = PBXFileReference; lastKnownFileType = sourcecode.swift; path = ContentView.swift; sourceTree = "<group>"; };
		85E7F39E2B03FB1D003A5C51 /* StationPickerView.swift */ = {isa = PBXFileReference; lastKnownFileType = sourcecode.swift; path = StationPickerView.swift; sourceTree = "<group>"; };
		85E7F3A42B040B93003A5C51 /* RailwayDataProvider.swift */ = {isa = PBXFileReference; lastKnownFileType = sourcecode.swift; path = RailwayDataProvider.swift; sourceTree = "<group>"; };
		85E7F3A72B04146E003A5C51 /* Station.swift */ = {isa = PBXFileReference; lastKnownFileType = sourcecode.swift; path = Station.swift; sourceTree = "<group>"; };
		85E7F3A92B0449C3003A5C51 /* Keyword.swift */ = {isa = PBXFileReference; lastKnownFileType = sourcecode.swift; path = Keyword.swift; sourceTree = "<group>"; };
		85E7F3AC2B044A43003A5C51 /* BackgroundImporter.swift */ = {isa = PBXFileReference; lastKnownFileType = sourcecode.swift; path = BackgroundImporter.swift; sourceTree = "<group>"; };
/* End PBXFileReference section */

/* Begin PBXFrameworksBuildPhase section */
		85E7F3862B03D9E9003A5C51 /* Frameworks */ = {
			isa = PBXFrameworksBuildPhase;
			buildActionMask = 2147483647;
			files = (
			);
			runOnlyForDeploymentPostprocessing = 0;
		};
/* End PBXFrameworksBuildPhase section */

/* Begin PBXGroup section */
		85E7F3802B03D9E9003A5C51 = {
			isa = PBXGroup;
			children = (
				85E7F38B2B03D9E9003A5C51 /* RailwayRange */,
				85E7F38A2B03D9E9003A5C51 /* Products */,
			);
			sourceTree = "<group>";
		};
		85E7F38A2B03D9E9003A5C51 /* Products */ = {
			isa = PBXGroup;
			children = (
				85E7F3892B03D9E9003A5C51 /* RailwayRange.app */,
			);
			name = Products;
			sourceTree = "<group>";
		};
		85E7F38B2B03D9E9003A5C51 /* RailwayRange */ = {
			isa = PBXGroup;
			children = (
				85E7F3AB2B0449FC003A5C51 /* Views */,
				85E7F3A62B041459003A5C51 /* Models */,
				85E7F3A42B040B93003A5C51 /* RailwayDataProvider.swift */,
				85E7F3AC2B044A43003A5C51 /* BackgroundImporter.swift */,
				85E7F38C2B03D9E9003A5C51 /* RailwayRangeApp.swift */,
				85E7F3922B03D9EB003A5C51 /* Assets.xcassets */,
				85E7F3942B03D9EB003A5C51 /* Preview Content */,
			);
			path = RailwayRange;
			sourceTree = "<group>";
		};
		85E7F3942B03D9EB003A5C51 /* Preview Content */ = {
			isa = PBXGroup;
			children = (
				85E7F3952B03D9EB003A5C51 /* Preview Assets.xcassets */,
			);
			path = "Preview Content";
			sourceTree = "<group>";
		};
		85E7F3A62B041459003A5C51 /* Models */ = {
			isa = PBXGroup;
			children = (
				85E7F3A72B04146E003A5C51 /* Station.swift */,
				85E7F3A92B0449C3003A5C51 /* Keyword.swift */,
			);
			path = Models;
			sourceTree = "<group>";
		};
		85E7F3AB2B0449FC003A5C51 /* Views */ = {
			isa = PBXGroup;
			children = (
				85E7F39C2B03DB39003A5C51 /* ContentView.swift */,
				85E7F39E2B03FB1D003A5C51 /* StationPickerView.swift */,
			);
			path = Views;
			sourceTree = "<group>";
		};
/* End PBXGroup section */

/* Begin PBXNativeTarget section */
		85E7F3882B03D9E9003A5C51 /* RailwayRange */ = {
			isa = PBXNativeTarget;
			buildConfigurationList = 85E7F3992B03D9EB003A5C51 /* Build configuration list for PBXNativeTarget "RailwayRange" */;
			buildPhases = (
				85E7F3852B03D9E9003A5C51 /* Sources */,
				85E7F3862B03D9E9003A5C51 /* Frameworks */,
				85E7F3872B03D9E9003A5C51 /* Resources */,
			);
			buildRules = (
			);
			dependencies = (
			);
			name = RailwayRange;
			productName = RailwayRange;
			productReference = 85E7F3892B03D9E9003A5C51 /* RailwayRange.app */;
			productType = "com.apple.product-type.application";
		};
/* End PBXNativeTarget section */

/* Begin PBXProject section */
		85E7F3812B03D9E9003A5C51 /* Project object */ = {
			isa = PBXProject;
			attributes = {
				BuildIndependentTargetsInParallel = 1;
				LastSwiftUpdateCheck = 1500;
				LastUpgradeCheck = 1500;
				TargetAttributes = {
					85E7F3882B03D9E9003A5C51 = {
						CreatedOnToolsVersion = 15.0.1;
					};
				};
			};
			buildConfigurationList = 85E7F3842B03D9E9003A5C51 /* Build configuration list for PBXProject "RailwayRange" */;
			compatibilityVersion = "Xcode 14.0";
			developmentRegion = en;
			hasScannedForEncodings = 0;
			knownRegions = (
				en,
				Base,
			);
			mainGroup = 85E7F3802B03D9E9003A5C51;
			productRefGroup = 85E7F38A2B03D9E9003A5C51 /* Products */;
			projectDirPath = "";
			projectRoot = "";
			targets = (
				85E7F3882B03D9E9003A5C51 /* RailwayRange */,
			);
		};
/* End PBXProject section */

/* Begin PBXResourcesBuildPhase section */
		85E7F3872B03D9E9003A5C51 /* Resources */ = {
			isa = PBXResourcesBuildPhase;
			buildActionMask = 2147483647;
			files = (
				85E7F3962B03D9EB003A5C51 /* Preview Assets.xcassets in Resources */,
				85E7F3932B03D9EB003A5C51 /* Assets.xcassets in Resources */,
			);
			runOnlyForDeploymentPostprocessing = 0;
		};
/* End PBXResourcesBuildPhase section */

/* Begin PBXSourcesBuildPhase section */
		85E7F3852B03D9E9003A5C51 /* Sources */ = {
			isa = PBXSourcesBuildPhase;
			buildActionMask = 2147483647;
			files = (
				85E7F3AD2B044A43003A5C51 /* BackgroundImporter.swift in Sources */,
				85E7F39D2B03DB3A003A5C51 /* ContentView.swift in Sources */,
				85E7F3AA2B0449C3003A5C51 /* Keyword.swift in Sources */,
				85E7F39F2B03FB1D003A5C51 /* StationPickerView.swift in Sources */,
				85E7F38D2B03D9E9003A5C51 /* RailwayRangeApp.swift in Sources */,
				85E7F3A82B04146E003A5C51 /* Station.swift in Sources */,
				85E7F3A52B040B93003A5C51 /* RailwayDataProvider.swift in Sources */,
			);
			runOnlyForDeploymentPostprocessing = 0;
		};
/* End PBXSourcesBuildPhase section */

/* Begin XCBuildConfiguration section */
		85E7F3972B03D9EB003A5C51 /* Debug */ = {
			isa = XCBuildConfiguration;
			buildSettings = {
				ALWAYS_SEARCH_USER_PATHS = NO;
				ASSETCATALOG_COMPILER_GENERATE_SWIFT_ASSET_SYMBOL_EXTENSIONS = YES;
				CLANG_ANALYZER_NONNULL = YES;
				CLANG_ANALYZER_NUMBER_OBJECT_CONVERSION = YES_AGGRESSIVE;
				CLANG_CXX_LANGUAGE_STANDARD = "gnu++20";
				CLANG_ENABLE_MODULES = YES;
				CLANG_ENABLE_OBJC_ARC = YES;
				CLANG_ENABLE_OBJC_WEAK = YES;
				CLANG_WARN_BLOCK_CAPTURE_AUTORELEASING = YES;
				CLANG_WARN_BOOL_CONVERSION = YES;
				CLANG_WARN_COMMA = YES;
				CLANG_WARN_CONSTANT_CONVERSION = YES;
				CLANG_WARN_DEPRECATED_OBJC_IMPLEMENTATIONS = YES;
				CLANG_WARN_DIRECT_OBJC_ISA_USAGE = YES_ERROR;
				CLANG_WARN_DOCUMENTATION_COMMENTS = YES;
				CLANG_WARN_EMPTY_BODY = YES;
				CLANG_WARN_ENUM_CONVERSION = YES;
				CLANG_WARN_INFINITE_RECURSION = YES;
				CLANG_WARN_INT_CONVERSION = YES;
				CLANG_WARN_NON_LITERAL_NULL_CONVERSION = YES;
				CLANG_WARN_OBJC_IMPLICIT_RETAIN_SELF = YES;
				CLANG_WARN_OBJC_LITERAL_CONVERSION = YES;
				CLANG_WARN_OBJC_ROOT_CLASS = YES_ERROR;
				CLANG_WARN_QUOTED_INCLUDE_IN_FRAMEWORK_HEADER = YES;
				CLANG_WARN_RANGE_LOOP_ANALYSIS = YES;
				CLANG_WARN_STRICT_PROTOTYPES = YES;
				CLANG_WARN_SUSPICIOUS_MOVE = YES;
				CLANG_WARN_UNGUARDED_AVAILABILITY = YES_AGGRESSIVE;
				CLANG_WARN_UNREACHABLE_CODE = YES;
				CLANG_WARN__DUPLICATE_METHOD_MATCH = YES;
				COPY_PHASE_STRIP = NO;
				DEBUG_INFORMATION_FORMAT = dwarf;
				ENABLE_STRICT_OBJC_MSGSEND = YES;
				ENABLE_TESTABILITY = YES;
				ENABLE_USER_SCRIPT_SANDBOXING = YES;
				GCC_C_LANGUAGE_STANDARD = gnu17;
				GCC_DYNAMIC_NO_PIC = NO;
				GCC_NO_COMMON_BLOCKS = YES;
				GCC_OPTIMIZATION_LEVEL = 0;
				GCC_PREPROCESSOR_DEFINITIONS = (
					"DEBUG=1",
					"$(inherited)",
				);
				GCC_WARN_64_TO_32_BIT_CONVERSION = YES;
				GCC_WARN_ABOUT_RETURN_TYPE = YES_ERROR;
				GCC_WARN_UNDECLARED_SELECTOR = YES;
				GCC_WARN_UNINITIALIZED_AUTOS = YES_AGGRESSIVE;
				GCC_WARN_UNUSED_FUNCTION = YES;
				GCC_WARN_UNUSED_VARIABLE = YES;
				IPHONEOS_DEPLOYMENT_TARGET = 17.0;
				LOCALIZATION_PREFERS_STRING_CATALOGS = YES;
				MTL_ENABLE_DEBUG_INFO = INCLUDE_SOURCE;
				MTL_FAST_MATH = YES;
				ONLY_ACTIVE_ARCH = YES;
				SDKROOT = iphoneos;
				SWIFT_ACTIVE_COMPILATION_CONDITIONS = "DEBUG $(inherited)";
				SWIFT_OPTIMIZATION_LEVEL = "-Onone";
			};
			name = Debug;
		};
		85E7F3982B03D9EB003A5C51 /* Release */ = {
			isa = XCBuildConfiguration;
			buildSettings = {
				ALWAYS_SEARCH_USER_PATHS = NO;
				ASSETCATALOG_COMPILER_GENERATE_SWIFT_ASSET_SYMBOL_EXTENSIONS = YES;
				CLANG_ANALYZER_NONNULL = YES;
				CLANG_ANALYZER_NUMBER_OBJECT_CONVERSION = YES_AGGRESSIVE;
				CLANG_CXX_LANGUAGE_STANDARD = "gnu++20";
				CLANG_ENABLE_MODULES = YES;
				CLANG_ENABLE_OBJC_ARC = YES;
				CLANG_ENABLE_OBJC_WEAK = YES;
				CLANG_WARN_BLOCK_CAPTURE_AUTORELEASING = YES;
				CLANG_WARN_BOOL_CONVERSION = YES;
				CLANG_WARN_COMMA = YES;
				CLANG_WARN_CONSTANT_CONVERSION = YES;
				CLANG_WARN_DEPRECATED_OBJC_IMPLEMENTATIONS = YES;
				CLANG_WARN_DIRECT_OBJC_ISA_USAGE = YES_ERROR;
				CLANG_WARN_DOCUMENTATION_COMMENTS = YES;
				CLANG_WARN_EMPTY_BODY = YES;
				CLANG_WARN_ENUM_CONVERSION = YES;
				CLANG_WARN_INFINITE_RECURSION = YES;
				CLANG_WARN_INT_CONVERSION = YES;
				CLANG_WARN_NON_LITERAL_NULL_CONVERSION = YES;
				CLANG_WARN_OBJC_IMPLICIT_RETAIN_SELF = YES;
				CLANG_WARN_OBJC_LITERAL_CONVERSION = YES;
				CLANG_WARN_OBJC_ROOT_CLASS = YES_ERROR;
				CLANG_WARN_QUOTED_INCLUDE_IN_FRAMEWORK_HEADER = YES;
				CLANG_WARN_RANGE_LOOP_ANALYSIS = YES;
				CLANG_WARN_STRICT_PROTOTYPES = YES;
				CLANG_WARN_SUSPICIOUS_MOVE = YES;
				CLANG_WARN_UNGUARDED_AVAILABILITY = YES_AGGRESSIVE;
				CLANG_WARN_UNREACHABLE_CODE = YES;
				CLANG_WARN__DUPLICATE_METHOD_MATCH = YES;
				COPY_PHASE_STRIP = NO;
				DEBUG_INFORMATION_FORMAT = "dwarf-with-dsym";
				ENABLE_NS_ASSERTIONS = NO;
				ENABLE_STRICT_OBJC_MSGSEND = YES;
				ENABLE_USER_SCRIPT_SANDBOXING = YES;
				GCC_C_LANGUAGE_STANDARD = gnu17;
				GCC_NO_COMMON_BLOCKS = YES;
				GCC_WARN_64_TO_32_BIT_CONVERSION = YES;
				GCC_WARN_ABOUT_RETURN_TYPE = YES_ERROR;
				GCC_WARN_UNDECLARED_SELECTOR = YES;
				GCC_WARN_UNINITIALIZED_AUTOS = YES_AGGRESSIVE;
				GCC_WARN_UNUSED_FUNCTION = YES;
				GCC_WARN_UNUSED_VARIABLE = YES;
				IPHONEOS_DEPLOYMENT_TARGET = 17.0;
				LOCALIZATION_PREFERS_STRING_CATALOGS = YES;
				MTL_ENABLE_DEBUG_INFO = NO;
				MTL_FAST_MATH = YES;
				SDKROOT = iphoneos;
				SWIFT_COMPILATION_MODE = wholemodule;
				VALIDATE_PRODUCT = YES;
			};
			name = Release;
		};
		85E7F39A2B03D9EB003A5C51 /* Debug */ = {
			isa = XCBuildConfiguration;
			buildSettings = {
				ASSETCATALOG_COMPILER_APPICON_NAME = AppIcon;
				ASSETCATALOG_COMPILER_GLOBAL_ACCENT_COLOR_NAME = AccentColor;
				CODE_SIGN_STYLE = Automatic;
				CURRENT_PROJECT_VERSION = 1;
				DEVELOPMENT_ASSET_PATHS = "\"RailwayRange/Preview Content\"";
				DEVELOPMENT_TEAM = 2Y46M74WTC;
				ENABLE_PREVIEWS = YES;
				GENERATE_INFOPLIST_FILE = YES;
				INFOPLIST_KEY_UIApplicationSceneManifest_Generation = YES;
				INFOPLIST_KEY_UIApplicationSupportsIndirectInputEvents = YES;
				INFOPLIST_KEY_UILaunchScreen_Generation = YES;
				INFOPLIST_KEY_UISupportedInterfaceOrientations_iPad = "UIInterfaceOrientationPortrait UIInterfaceOrientationPortraitUpsideDown UIInterfaceOrientationLandscapeLeft UIInterfaceOrientationLandscapeRight";
				INFOPLIST_KEY_UISupportedInterfaceOrientations_iPhone = "UIInterfaceOrientationPortrait UIInterfaceOrientationLandscapeLeft UIInterfaceOrientationLandscapeRight";
				LD_RUNPATH_SEARCH_PATHS = (
					"$(inherited)",
					"@executable_path/Frameworks",
				);
				MARKETING_VERSION = 1.0;
				PRODUCT_BUNDLE_IDENTIFIER = dev.bunnyworks.RailwayRange;
				PRODUCT_NAME = "$(TARGET_NAME)";
				SWIFT_EMIT_LOC_STRINGS = YES;
				SWIFT_VERSION = 5.0;
				TARGETED_DEVICE_FAMILY = "1,2";
			};
			name = Debug;
		};
		85E7F39B2B03D9EB003A5C51 /* Release */ = {
			isa = XCBuildConfiguration;
			buildSettings = {
				ASSETCATALOG_COMPILER_APPICON_NAME = AppIcon;
				ASSETCATALOG_COMPILER_GLOBAL_ACCENT_COLOR_NAME = AccentColor;
				CODE_SIGN_STYLE = Automatic;
				CURRENT_PROJECT_VERSION = 1;
				DEVELOPMENT_ASSET_PATHS = "\"RailwayRange/Preview Content\"";
				DEVELOPMENT_TEAM = 2Y46M74WTC;
				ENABLE_PREVIEWS = YES;
				GENERATE_INFOPLIST_FILE = YES;
				INFOPLIST_KEY_UIApplicationSceneManifest_Generation = YES;
				INFOPLIST_KEY_UIApplicationSupportsIndirectInputEvents = YES;
				INFOPLIST_KEY_UILaunchScreen_Generation = YES;
				INFOPLIST_KEY_UISupportedInterfaceOrientations_iPad = "UIInterfaceOrientationPortrait UIInterfaceOrientationPortraitUpsideDown UIInterfaceOrientationLandscapeLeft UIInterfaceOrientationLandscapeRight";
				INFOPLIST_KEY_UISupportedInterfaceOrientations_iPhone = "UIInterfaceOrientationPortrait UIInterfaceOrientationLandscapeLeft UIInterfaceOrientationLandscapeRight";
				LD_RUNPATH_SEARCH_PATHS = (
					"$(inherited)",
					"@executable_path/Frameworks",
				);
				MARKETING_VERSION = 1.0;
				PRODUCT_BUNDLE_IDENTIFIER = dev.bunnyworks.RailwayRange;
				PRODUCT_NAME = "$(TARGET_NAME)";
				SWIFT_EMIT_LOC_STRINGS = YES;
				SWIFT_VERSION = 5.0;
				TARGETED_DEVICE_FAMILY = "1,2";
			};
			name = Release;
		};
/* End XCBuildConfiguration section */

/* Begin XCConfigurationList section */
		85E7F3842B03D9E9003A5C51 /* Build configuration list for PBXProject "RailwayRange" */ = {
			isa = XCConfigurationList;
			buildConfigurations = (
				85E7F3972B03D9EB003A5C51 /* Debug */,
				85E7F3982B03D9EB003A5C51 /* Release */,
			);
			defaultConfigurationIsVisible = 0;
			defaultConfigurationName = Release;
		};
		85E7F3992B03D9EB003A5C51 /* Build configuration list for PBXNativeTarget "RailwayRange" */ = {
			isa = XCConfigurationList;
			buildConfigurations = (
				85E7F39A2B03D9EB003A5C51 /* Debug */,
				85E7F39B2B03D9EB003A5C51 /* Release */,
			);
			defaultConfigurationIsVisible = 0;
			defaultConfigurationName = Release;
		};
/* End XCConfigurationList section */
	};
	rootObject = 85E7F3812B03D9E9003A5C51 /* Project object */;
}
